
Microsoft Visual Studio Solution File, Format Version 12.00
# Visual Studio Version 16
VisualStudioVersion = 16.0.29215.179
MinimumVisualStudioVersion = 10.0.40219.1
Project("{FAE04EC0-301F-11D3-BF4B-00C04F79EFBC}") = "CountTest", "CountTest\CountTest.csproj", "{05EF16C7-4A81-4418-94CE-BF8A194E23D0}"
EndProject
Global
	GlobalSection(SolutionConfigurationPlatforms) = preSolution
		Debug|Any CPU = Debug|Any CPU
		Release|Any CPU = Release|Any CPU
	EndGlobalSection
	GlobalSection(ProjectConfigurationPlatforms) = postSolution
		{05EF16C7-4A81-4418-94CE-BF8A194E23D0}.Debug|Any CPU.ActiveCfg = Debug|Any CPU
		{05EF16C7-4A81-4418-94CE-BF8A194E23D0}.Debug|Any CPU.Build.0 = Debug|Any CPU
		{05EF16C7-4A81-4418-94CE-BF8A194E23D0}.Release|Any CPU.ActiveCfg = Release|Any CPU
		{05EF16C7-4A81-4418-94CE-BF8A194E23D0}.Release|Any CPU.Build.0 = Release|Any CPU
	EndGlobalSection
	GlobalSection(SolutionProperties) = preSolution
		HideSolutionNode = FALSE
	EndGlobalSection
	GlobalSection(ExtensibilityGlobals) = postSolution
		SolutionGuid = {991CDAAE-7730-48C8-AF24-E1EBB76255B3}
	EndGlobalSection
EndGlobal
